
Microsoft Visual Studio Solution File, Format Version 12.00
# Visual Studio Version 17
VisualStudioVersion = 17.14.36915.13 d17.14
MinimumVisualStudioVersion = 10.0.40219.1
Project("{FAE04EC0-301F-11D3-BF4B-00C04F79EFBC}") = "app-oop02", "app-oop02\app-oop02.csproj", "{419F94E8-CC4C-4267-A7EE-CFA86C97BF81}"
EndProject
Global
	GlobalSection(SolutionConfigurationPlatforms) = preSolution
		Debug|Any CPU = Debug|Any CPU
		Release|Any CPU = Release|Any CPU
	EndGlobalSection
	GlobalSection(ProjectConfigurationPlatforms) = postSolution
		{419F94E8-CC4C-4267-A7EE-CFA86C97BF81}.Debug|Any CPU.ActiveCfg = Debug|Any CPU
		{419F94E8-CC4C-4267-A7EE-CFA86C97BF81}.Debug|Any CPU.Build.0 = Debug|Any CPU
		{419F94E8-CC4C-4267-A7EE-CFA86C97BF81}.Release|Any CPU.ActiveCfg = Release|Any CPU
		{419F94E8-CC4C-4267-A7EE-CFA86C97BF81}.Release|Any CPU.Build.0 = Release|Any CPU
	EndGlobalSection
	GlobalSection(SolutionProperties) = preSolution
		HideSolutionNode = FALSE
	EndGlobalSection
	GlobalSection(ExtensibilityGlobals) = postSolution
		SolutionGuid = {0D221299-C5B6-46E5-98ED-D7522F41E41E}
	EndGlobalSection
EndGlobal
